
Microsoft Visual Studio Solution File, Format Version 12.00
# Visual Studio Version 17
VisualStudioVersion = 17.3.32929.385
MinimumVisualStudioVersion = 10.0.40219.1
Project("{FAE04EC0-301F-11D3-BF4B-00C04F79EFBC}") = "ConsoleApp1", "ConsoleApp1\ConsoleApp1.csproj", "{9CF04696-959F-4F8E-AAEE-BB0FDE8AE592}"
EndProject
Project("{FAE04EC0-301F-11D3-BF4B-00C04F79EFBC}") = "ConsoleApp2", "ConsoleApp2\ConsoleApp2.csproj", "{28DB1047-27AA-4DD6-A1AB-E63359ECFD56}"
EndProject
Project("{FAE04EC0-301F-11D3-BF4B-00C04F79EFBC}") = "ISpan.Utility", "ISpan.Utility\ISpan.Utility.csproj", "{71F33BBC-E938-424F-AF7C-A00FE530B0CA}"
EndProject
Project("{FAE04EC0-301F-11D3-BF4B-00C04F79EFBC}") = "ConsoleApp3", "ConsoleApp3\ConsoleApp3.csproj", "{FF04CC7A-A8B5-4C7D-9249-9DB598513061}"
EndProject
Project("{FAE04EC0-301F-11D3-BF4B-00C04F79EFBC}") = "ConsoleApp4", "ConsoleApp4\ConsoleApp4.csproj", "{697B5990-D2F5-4E60-B017-B797C9E13D6E}"
EndProject
Global
	GlobalSection(SolutionConfigurationPlatforms) = preSolution
		Debug|Any CPU = Debug|Any CPU
		Release|Any CPU = Release|Any CPU
	EndGlobalSection
	GlobalSection(ProjectConfigurationPlatforms) = postSolution
		{9CF04696-959F-4F8E-AAEE-BB0FDE8AE592}.Debug|Any CPU.ActiveCfg = Debug|Any CPU
		{9CF04696-959F-4F8E-AAEE-BB0FDE8AE592}.Debug|Any CPU.Build.0 = Debug|Any CPU
		{9CF04696-959F-4F8E-AAEE-BB0FDE8AE592}.Release|Any CPU.ActiveCfg = Release|Any CPU
		{9CF04696-959F-4F8E-AAEE-BB0FDE8AE592}.Release|Any CPU.Build.0 = Release|Any CPU
		{28DB1047-27AA-4DD6-A1AB-E63359ECFD56}.Debug|Any CPU.ActiveCfg = Debug|Any CPU
		{28DB1047-27AA-4DD6-A1AB-E63359ECFD56}.Debug|Any CPU.Build.0 = Debug|Any CPU
		{28DB1047-27AA-4DD6-A1AB-E63359ECFD56}.Release|Any CPU.ActiveCfg = Release|Any CPU
		{28DB1047-27AA-4DD6-A1AB-E63359ECFD56}.Release|Any CPU.Build.0 = Release|Any CPU
		{71F33BBC-E938-424F-AF7C-A00FE530B0CA}.Debug|Any CPU.ActiveCfg = Debug|Any CPU
		{71F33BBC-E938-424F-AF7C-A00FE530B0CA}.Debug|Any CPU.Build.0 = Debug|Any CPU
		{71F33BBC-E938-424F-AF7C-A00FE530B0CA}.Release|Any CPU.ActiveCfg = Release|Any CPU
		{71F33BBC-E938-424F-AF7C-A00FE530B0CA}.Release|Any CPU.Build.0 = Release|Any CPU
		{FF04CC7A-A8B5-4C7D-9249-9DB598513061}.Debug|Any CPU.ActiveCfg = Debug|Any CPU
		{FF04CC7A-A8B5-4C7D-9249-9DB598513061}.Debug|Any CPU.Build.0 = Debug|Any CPU
		{FF04CC7A-A8B5-4C7D-9249-9DB598513061}.Release|Any CPU.ActiveCfg = Release|Any CPU
		{FF04CC7A-A8B5-4C7D-9249-9DB598513061}.Release|Any CPU.Build.0 = Release|Any CPU
		{697B5990-D2F5-4E60-B017-B797C9E13D6E}.Debug|Any CPU.ActiveCfg = Debug|Any CPU
		{697B5990-D2F5-4E60-B017-B797C9E13D6E}.Debug|Any CPU.Build.0 = Debug|Any CPU
		{697B5990-D2F5-4E60-B017-B797C9E13D6E}.Release|Any CPU.ActiveCfg = Release|Any CPU
		{697B5990-D2F5-4E60-B017-B797C9E13D6E}.Release|Any CPU.Build.0 = Release|Any CPU
	EndGlobalSection
	GlobalSection(SolutionProperties) = preSolution
		HideSolutionNode = FALSE
	EndGlobalSection
	GlobalSection(ExtensibilityGlobals) = postSolution
		SolutionGuid = {18F5D39F-4F33-4EA9-AC4E-CCA8E17FD45B}
	EndGlobalSection
EndGlobal
